
Microsoft Visual Studio Solution File, Format Version 12.00
# Visual Studio Version 17
VisualStudioVersion = 17.10.35013.160
MinimumVisualStudioVersion = 10.0.40219.1
Project("{FAE04EC0-301F-11D3-BF4B-00C04F79EFBC}") = "Cinepolis.Api", "Cinepolis.Api\Cinepolis.Api.csproj", "{50D26729-28D0-4BED-8E18-C47FCC1AA414}"
EndProject
Project("{FAE04EC0-301F-11D3-BF4B-00C04F79EFBC}") = "Cinepolis.Core", "Cinepolis.Core\Cinepolis.Core.csproj", "{2B8A9EEE-F15E-4FB1-BE86-240D5C859AD4}"
EndProject
Project("{FAE04EC0-301F-11D3-BF4B-00C04F79EFBC}") = "Cinepolis.Infrastructure", "Cinepolis.Infrastructure\Cinepolis.Infrastructure.csproj", "{5C86990D-D039-48D3-A9F9-9C85ECEF0F1B}"
EndProject
Global
	GlobalSection(SolutionConfigurationPlatforms) = preSolution
		Debug|Any CPU = Debug|Any CPU
		Release|Any CPU = Release|Any CPU
	EndGlobalSection
	GlobalSection(ProjectConfigurationPlatforms) = postSolution
		{50D26729-28D0-4BED-8E18-C47FCC1AA414}.Debug|Any CPU.ActiveCfg = Debug|Any CPU
		{50D26729-28D0-4BED-8E18-C47FCC1AA414}.Debug|Any CPU.Build.0 = Debug|Any CPU
		{50D26729-28D0-4BED-8E18-C47FCC1AA414}.Release|Any CPU.ActiveCfg = Release|Any CPU
		{50D26729-28D0-4BED-8E18-C47FCC1AA414}.Release|Any CPU.Build.0 = Release|Any CPU
		{2B8A9EEE-F15E-4FB1-BE86-240D5C859AD4}.Debug|Any CPU.ActiveCfg = Debug|Any CPU
		{2B8A9EEE-F15E-4FB1-BE86-240D5C859AD4}.Debug|Any CPU.Build.0 = Debug|Any CPU
		{2B8A9EEE-F15E-4FB1-BE86-240D5C859AD4}.Release|Any CPU.ActiveCfg = Release|Any CPU
		{2B8A9EEE-F15E-4FB1-BE86-240D5C859AD4}.Release|Any CPU.Build.0 = Release|Any CPU
		{5C86990D-D039-48D3-A9F9-9C85ECEF0F1B}.Debug|Any CPU.ActiveCfg = Debug|Any CPU
		{5C86990D-D039-48D3-A9F9-9C85ECEF0F1B}.Debug|Any CPU.Build.0 = Debug|Any CPU
		{5C86990D-D039-48D3-A9F9-9C85ECEF0F1B}.Release|Any CPU.ActiveCfg = Release|Any CPU
		{5C86990D-D039-48D3-A9F9-9C85ECEF0F1B}.Release|Any CPU.Build.0 = Release|Any CPU
	EndGlobalSection
	GlobalSection(SolutionProperties) = preSolution
		HideSolutionNode = FALSE
	EndGlobalSection
	GlobalSection(ExtensibilityGlobals) = postSolution
		SolutionGuid = {5256A82E-8C1C-4065-98FA-BAA0D7342CAF}
	EndGlobalSection
EndGlobal
